
Microsoft Visual Studio Solution File, Format Version 11.0
# Visual Studio 2010
Project("{FAE04EC0-301F-11D3-BF4B-00C04F79EFBC}") = "UnityVS.GameJam.CSharp", "UnityVS.GameJam.CSharp.csproj", "{46F34B91-5C37-FCFC-1522-2638B0F02B29}"
EndProject
Project("{FAE04EC0-301F-11D3-BF4B-00C04F79EFBC}") = "UnityVS.GameJam.CSharp.Plugins", "UnityVS.GameJam.CSharp.Plugins.csproj", "{F455FF4D-4178-1B4C-8421-9454087BFE7E}"
EndProject
Global
	GlobalSection(SolutionConfigurationPlatforms) = preSolution
		Debug|Any CPU = Debug|Any CPU
		Release|Any CPU = Release|Any CPU
	EndGlobalSection
	GlobalSection(ProjectConfigurationPlatforms) = postSolution
		{46F34B91-5C37-FCFC-1522-2638B0F02B29}.Debug|Any CPU.ActiveCfg = Debug|Any CPU
		{46F34B91-5C37-FCFC-1522-2638B0F02B29}.Debug|Any CPU.Build.0 = Debug|Any CPU
		{46F34B91-5C37-FCFC-1522-2638B0F02B29}.Release|Any CPU.ActiveCfg = Release|Any CPU
		{46F34B91-5C37-FCFC-1522-2638B0F02B29}.Release|Any CPU.Build.0 = Release|Any CPU
		{F455FF4D-4178-1B4C-8421-9454087BFE7E}.Debug|Any CPU.ActiveCfg = Debug|Any CPU
		{F455FF4D-4178-1B4C-8421-9454087BFE7E}.Debug|Any CPU.Build.0 = Debug|Any CPU
		{F455FF4D-4178-1B4C-8421-9454087BFE7E}.Release|Any CPU.ActiveCfg = Release|Any CPU
		{F455FF4D-4178-1B4C-8421-9454087BFE7E}.Release|Any CPU.Build.0 = Release|Any CPU
	EndGlobalSection
	GlobalSection(SolutionProperties) = preSolution
		HideSolutionNode = FALSE
	EndGlobalSection
EndGlobal
